
Microsoft Visual Studio Solution File, Format Version 12.00
# Visual Studio Version 16
VisualStudioVersion = 16.0.30517.126
MinimumVisualStudioVersion = 10.0.40219.1
Project("{FAE04EC0-301F-11D3-BF4B-00C04F79EFBC}") = "Christmas", "Christmas\Christmas.csproj", "{45EED964-919C-4289-98A4-4D1AB6F5C6BC}"
EndProject
Global
	GlobalSection(SolutionConfigurationPlatforms) = preSolution
		Debug|Any CPU = Debug|Any CPU
		Release|Any CPU = Release|Any CPU
	EndGlobalSection
	GlobalSection(ProjectConfigurationPlatforms) = postSolution
		{45EED964-919C-4289-98A4-4D1AB6F5C6BC}.Debug|Any CPU.ActiveCfg = Debug|Any CPU
		{45EED964-919C-4289-98A4-4D1AB6F5C6BC}.Debug|Any CPU.Build.0 = Debug|Any CPU
		{45EED964-919C-4289-98A4-4D1AB6F5C6BC}.Release|Any CPU.ActiveCfg = Release|Any CPU
		{45EED964-919C-4289-98A4-4D1AB6F5C6BC}.Release|Any CPU.Build.0 = Release|Any CPU
	EndGlobalSection
	GlobalSection(SolutionProperties) = preSolution
		HideSolutionNode = FALSE
	EndGlobalSection
	GlobalSection(ExtensibilityGlobals) = postSolution
		SolutionGuid = {98801E77-774B-4432-B635-0772DC704B25}
	EndGlobalSection
EndGlobal
